
Microsoft Visual Studio Solution File, Format Version 12.00
# Visual Studio Version 16
VisualStudioVersion = 16.0.29519.87
MinimumVisualStudioVersion = 10.0.40219.1
Project("{9A19103F-16F7-4668-BE54-9A1E7A4F7556}") = "Ecommerce.Web", "Ecommerce.Web\Ecommerce.Web.csproj", "{60A8930B-ADB7-44C6-A712-7ADBDF7F8218}"
EndProject
Project("{9A19103F-16F7-4668-BE54-9A1E7A4F7556}") = "Ecommerce.BLL", "Ecommerce.BLL\Ecommerce.BLL.csproj", "{3FBFBD21-16AF-4D5A-8AEF-8D194051A2D3}"
EndProject
Project("{9A19103F-16F7-4668-BE54-9A1E7A4F7556}") = "Ecommerce.BLL.Abstraction", "Ecomerce.BLL.Abstraction\Ecommerce.BLL.Abstraction.csproj", "{457B91CB-5C90-4604-8009-1C9B2F284CB9}"
EndProject
Project("{9A19103F-16F7-4668-BE54-9A1E7A4F7556}") = "Ecommerce.Repository", "Ecommerce.Repository\Ecommerce.Repository.csproj", "{9FFA7571-4412-41E1-BB65-D82F6B69FFBC}"
EndProject
Project("{9A19103F-16F7-4668-BE54-9A1E7A4F7556}") = "Ecommerce.Repository.Abstraction", "Ecommerce.Repository.Abstraction\Ecommerce.Repository.Abstraction.csproj", "{FD73C5CD-B315-43AE-800E-0301AE0C15F3}"
EndProject
Project("{9A19103F-16F7-4668-BE54-9A1E7A4F7556}") = "Ecommerce.IoCContainer", "Ecommerce.IoCContainer\Ecommerce.IoCContainer.csproj", "{04FAE932-7148-4FFF-B215-C5E472ABD6A5}"
EndProject
Project("{9A19103F-16F7-4668-BE54-9A1E7A4F7556}") = "Ecommerce.DatabaseContext", "Ecommerce.DatabaseContext\Ecommerce.DatabaseContext.csproj", "{FE3085EB-E7D5-42C0-8A63-EF9B681E10EB}"
EndProject
Project("{9A19103F-16F7-4668-BE54-9A1E7A4F7556}") = "Ecommerce.Models", "Ecommerce.Models\Ecommerce.Models.csproj", "{6BCCC238-8F98-4BE2-BCAC-2AF4455A7090}"
EndProject
Project("{FAE04EC0-301F-11D3-BF4B-00C04F79EFBC}") = "Ecommerce.AuthServer", "Ecommerce.AuthServer\Ecommerce.AuthServer.csproj", "{73C773E4-4803-4B9D-A7B0-D068B9E4BBF7}"
EndProject
Global
	GlobalSection(SolutionConfigurationPlatforms) = preSolution
		Debug|Any CPU = Debug|Any CPU
		Release|Any CPU = Release|Any CPU
	EndGlobalSection
	GlobalSection(ProjectConfigurationPlatforms) = postSolution
		{60A8930B-ADB7-44C6-A712-7ADBDF7F8218}.Debug|Any CPU.ActiveCfg = Debug|Any CPU
		{60A8930B-ADB7-44C6-A712-7ADBDF7F8218}.Debug|Any CPU.Build.0 = Debug|Any CPU
		{60A8930B-ADB7-44C6-A712-7ADBDF7F8218}.Release|Any CPU.ActiveCfg = Release|Any CPU
		{60A8930B-ADB7-44C6-A712-7ADBDF7F8218}.Release|Any CPU.Build.0 = Release|Any CPU
		{3FBFBD21-16AF-4D5A-8AEF-8D194051A2D3}.Debug|Any CPU.ActiveCfg = Debug|Any CPU
		{3FBFBD21-16AF-4D5A-8AEF-8D194051A2D3}.Debug|Any CPU.Build.0 = Debug|Any CPU
		{3FBFBD21-16AF-4D5A-8AEF-8D194051A2D3}.Release|Any CPU.ActiveCfg = Release|Any CPU
		{3FBFBD21-16AF-4D5A-8AEF-8D194051A2D3}.Release|Any CPU.Build.0 = Release|Any CPU
		{457B91CB-5C90-4604-8009-1C9B2F284CB9}.Debug|Any CPU.ActiveCfg = Debug|Any CPU
		{457B91CB-5C90-4604-8009-1C9B2F284CB9}.Debug|Any CPU.Build.0 = Debug|Any CPU
		{457B91CB-5C90-4604-8009-1C9B2F284CB9}.Release|Any CPU.ActiveCfg = Release|Any CPU
		{457B91CB-5C90-4604-8009-1C9B2F284CB9}.Release|Any CPU.Build.0 = Release|Any CPU
		{9FFA7571-4412-41E1-BB65-D82F6B69FFBC}.Debug|Any CPU.ActiveCfg = Debug|Any CPU
		{9FFA7571-4412-41E1-BB65-D82F6B69FFBC}.Debug|Any CPU.Build.0 = Debug|Any CPU
		{9FFA7571-4412-41E1-BB65-D82F6B69FFBC}.Release|Any CPU.ActiveCfg = Release|Any CPU
		{9FFA7571-4412-41E1-BB65-D82F6B69FFBC}.Release|Any CPU.Build.0 = Release|Any CPU
		{FD73C5CD-B315-43AE-800E-0301AE0C15F3}.Debug|Any CPU.ActiveCfg = Debug|Any CPU
		{FD73C5CD-B315-43AE-800E-0301AE0C15F3}.Debug|Any CPU.Build.0 = Debug|Any CPU
		{FD73C5CD-B315-43AE-800E-0301AE0C15F3}.Release|Any CPU.ActiveCfg = Release|Any CPU
		{FD73C5CD-B315-43AE-800E-0301AE0C15F3}.Release|Any CPU.Build.0 = Release|Any CPU
		{04FAE932-7148-4FFF-B215-C5E472ABD6A5}.Debug|Any CPU.ActiveCfg = Debug|Any CPU
		{04FAE932-7148-4FFF-B215-C5E472ABD6A5}.Debug|Any CPU.Build.0 = Debug|Any CPU
		{04FAE932-7148-4FFF-B215-C5E472ABD6A5}.Release|Any CPU.ActiveCfg = Release|Any CPU
		{04FAE932-7148-4FFF-B215-C5E472ABD6A5}.Release|Any CPU.Build.0 = Release|Any CPU
		{FE3085EB-E7D5-42C0-8A63-EF9B681E10EB}.Debug|Any CPU.ActiveCfg = Debug|Any CPU
		{FE3085EB-E7D5-42C0-8A63-EF9B681E10EB}.Debug|Any CPU.Build.0 = Debug|Any CPU
		{FE3085EB-E7D5-42C0-8A63-EF9B681E10EB}.Release|Any CPU.ActiveCfg = Release|Any CPU
		{FE3085EB-E7D5-42C0-8A63-EF9B681E10EB}.Release|Any CPU.Build.0 = Release|Any CPU
		{6BCCC238-8F98-4BE2-BCAC-2AF4455A7090}.Debug|Any CPU.ActiveCfg = Debug|Any CPU
		{6BCCC238-8F98-4BE2-BCAC-2AF4455A7090}.Debug|Any CPU.Build.0 = Debug|Any CPU
		{6BCCC238-8F98-4BE2-BCAC-2AF4455A7090}.Release|Any CPU.ActiveCfg = Release|Any CPU
		{6BCCC238-8F98-4BE2-BCAC-2AF4455A7090}.Release|Any CPU.Build.0 = Release|Any CPU
		{73C773E4-4803-4B9D-A7B0-D068B9E4BBF7}.Debug|Any CPU.ActiveCfg = Debug|Any CPU
		{73C773E4-4803-4B9D-A7B0-D068B9E4BBF7}.Debug|Any CPU.Build.0 = Debug|Any CPU
		{73C773E4-4803-4B9D-A7B0-D068B9E4BBF7}.Release|Any CPU.ActiveCfg = Release|Any CPU
		{73C773E4-4803-4B9D-A7B0-D068B9E4BBF7}.Release|Any CPU.Build.0 = Release|Any CPU
	EndGlobalSection
	GlobalSection(SolutionProperties) = preSolution
		HideSolutionNode = FALSE
	EndGlobalSection
	GlobalSection(ExtensibilityGlobals) = postSolution
		SolutionGuid = {53EE620C-FBD4-4E8C-B2C3-D3EA9966AFF5}
	EndGlobalSection
EndGlobal
