
Microsoft Visual Studio Solution File, Format Version 12.00
# Visual Studio Version 16
VisualStudioVersion = 16.0.29519.87
MinimumVisualStudioVersion = 10.0.40219.1
Project("{FAE04EC0-301F-11D3-BF4B-00C04F79EFBC}") = "Ecommerce.Library", "Ecommerce.Library\Ecommerce.Library.csproj", "{2686AB64-7540-4F42-9550-E430BD6A11B2}"
EndProject
Project("{FAE04EC0-301F-11D3-BF4B-00C04F79EFBC}") = "Ecommerce.Web", "Ecommerce.Web\Ecommerce.Web.csproj", "{60A8930B-ADB7-44C6-A712-7ADBDF7F8218}"
EndProject
Global
	GlobalSection(SolutionConfigurationPlatforms) = preSolution
		Debug|Any CPU = Debug|Any CPU
		Release|Any CPU = Release|Any CPU
	EndGlobalSection
	GlobalSection(ProjectConfigurationPlatforms) = postSolution
		{2686AB64-7540-4F42-9550-E430BD6A11B2}.Debug|Any CPU.ActiveCfg = Debug|Any CPU
		{2686AB64-7540-4F42-9550-E430BD6A11B2}.Debug|Any CPU.Build.0 = Debug|Any CPU
		{2686AB64-7540-4F42-9550-E430BD6A11B2}.Release|Any CPU.ActiveCfg = Release|Any CPU
		{2686AB64-7540-4F42-9550-E430BD6A11B2}.Release|Any CPU.Build.0 = Release|Any CPU
		{60A8930B-ADB7-44C6-A712-7ADBDF7F8218}.Debug|Any CPU.ActiveCfg = Debug|Any CPU
		{60A8930B-ADB7-44C6-A712-7ADBDF7F8218}.Debug|Any CPU.Build.0 = Debug|Any CPU
		{60A8930B-ADB7-44C6-A712-7ADBDF7F8218}.Release|Any CPU.ActiveCfg = Release|Any CPU
		{60A8930B-ADB7-44C6-A712-7ADBDF7F8218}.Release|Any CPU.Build.0 = Release|Any CPU
	EndGlobalSection
	GlobalSection(SolutionProperties) = preSolution
		HideSolutionNode = FALSE
	EndGlobalSection
	GlobalSection(ExtensibilityGlobals) = postSolution
		SolutionGuid = {53EE620C-FBD4-4E8C-B2C3-D3EA9966AFF5}
	EndGlobalSection
EndGlobal
